// !$*UTF8*$!
{
	archiveVersion = 1;
	classes = {
	};
	objectVersion = 46;
	objects = {

/* Begin PBXBuildFile section */
		3A5910FF1CAF645B00FBB4B5 /* AppDelegate.swift in Sources */ = {isa = PBXBuildFile; fileRef = 3A5910FE1CAF645B00FBB4B5 /* AppDelegate.swift */; };
		3A5911011CAF645B00FBB4B5 /* ViewController.swift in Sources */ = {isa = PBXBuildFile; fileRef = 3A5911001CAF645B00FBB4B5 /* ViewController.swift */; };
		3A5911041CAF645B00FBB4B5 /* Main.storyboard in Resources */ = {isa = PBXBuildFile; fileRef = 3A5911021CAF645B00FBB4B5 /* Main.storyboard */; };
		3A5911061CAF645B00FBB4B5 /* Assets.xcassets in Resources */ = {isa = PBXBuildFile; fileRef = 3A5911051CAF645B00FBB4B5 /* Assets.xcassets */; };
		3A5911091CAF645B00FBB4B5 /* LaunchScreen.storyboard in Resources */ = {isa = PBXBuildFile; fileRef = 3A5911071CAF645B00FBB4B5 /* LaunchScreen.storyboard */; };
		3A5911141CAF645C00FBB4B5 /* ios_awesome_gameTests.swift in Sources */ = {isa = PBXBuildFile; fileRef = 3A5911131CAF645C00FBB4B5 /* ios_awesome_gameTests.swift */; };
		3A59111F1CAF645C00FBB4B5 /* ios_awesome_gameUITests.swift in Sources */ = {isa = PBXBuildFile; fileRef = 3A59111E1CAF645C00FBB4B5 /* ios_awesome_gameUITests.swift */; };
/* End PBXBuildFile section */

/* Begin PBXContainerItemProxy section */
		3A5911101CAF645C00FBB4B5 /* PBXContainerItemProxy */ = {
			isa = PBXContainerItemProxy;
			containerPortal = 3A5910F31CAF645B00FBB4B5 /* Project object */;
			proxyType = 1;
			remoteGlobalIDString = 3A5910FA1CAF645B00FBB4B5;
			remoteInfo = "ios-awesome-game";
		};
		3A59111B1CAF645C00FBB4B5 /* PBXContainerItemProxy */ = {
			isa = PBXContainerItemProxy;
			containerPortal = 3A5910F31CAF645B00FBB4B5 /* Project object */;
			proxyType = 1;
			remoteGlobalIDString = 3A5910FA1CAF645B00FBB4B5;
			remoteInfo = "ios-awesome-game";
		};
/* End PBXContainerItemProxy section */

/* Begin PBXFileReference section */
		3A5910FB1CAF645B00FBB4B5 /* ios-awesome-game.app */ = {isa = PBXFileReference; explicitFileType = wrapper.application; includeInIndex = 0; path = "ios-awesome-game.app"; sourceTree = BUILT_PRODUCTS_DIR; };
		3A5910FE1CAF645B00FBB4B5 /* AppDelegate.swift */ = {isa = PBXFileReference; lastKnownFileType = sourcecode.swift; path = AppDelegate.swift; sourceTree = "<group>"; };
		3A5911001CAF645B00FBB4B5 /* ViewController.swift */ = {isa = PBXFileReference; lastKnownFileType = sourcecode.swift; path = ViewController.swift; sourceTree = "<group>"; };
		3A5911031CAF645B00FBB4B5 /* Base */ = {isa = PBXFileReference; lastKnownFileType = file.storyboard; name = Base; path = Base.lproj/Main.storyboard; sourceTree = "<group>"; };
		3A5911051CAF645B00FBB4B5 /* Assets.xcassets */ = {isa = PBXFileReference; lastKnownFileType = folder.assetcatalog; path = Assets.xcassets; sourceTree = "<group>"; };
		3A5911081CAF645B00FBB4B5 /* Base */ = {isa = PBXFileReference; lastKnownFileType = file.storyboard; name = Base; path = Base.lproj/LaunchScreen.storyboard; sourceTree = "<group>"; };
		3A59110A1CAF645B00FBB4B5 /* Info.plist */ = {isa = PBXFileReference; lastKnownFileType = text.plist.xml; path = Info.plist; sourceTree = "<group>"; };
		3A59110F1CAF645C00FBB4B5 /* ios-awesome-gameTests.xctest */ = {isa = PBXFileReference; explicitFileType = wrapper.cfbundle; includeInIndex = 0; path = "ios-awesome-gameTests.xctest"; sourceTree = BUILT_PRODUCTS_DIR; };
		3A5911131CAF645C00FBB4B5 /* ios_awesome_gameTests.swift */ = {isa = PBXFileReference; lastKnownFileType = sourcecode.swift; path = ios_awesome_gameTests.swift; sourceTree = "<group>"; };
		3A5911151CAF645C00FBB4B5 /* Info.plist */ = {isa = PBXFileReference; lastKnownFileType = text.plist.xml; path = Info.plist; sourceTree = "<group>"; };
		3A59111A1CAF645C00FBB4B5 /* ios-awesome-gameUITests.xctest */ = {isa = PBXFileReference; explicitFileType = wrapper.cfbundle; includeInIndex = 0; path = "ios-awesome-gameUITests.xctest"; sourceTree = BUILT_PRODUCTS_DIR; };
		3A59111E1CAF645C00FBB4B5 /* ios_awesome_gameUITests.swift */ = {isa = PBXFileReference; lastKnownFileType = sourcecode.swift; path = ios_awesome_gameUITests.swift; sourceTree = "<group>"; };
		3A5911201CAF645C00FBB4B5 /* Info.plist */ = {isa = PBXFileReference; lastKnownFileType = text.plist.xml; path = Info.plist; sourceTree = "<group>"; };
/* End PBXFileReference section */

/* Begin PBXFrameworksBuildPhase section */
		3A5910F81CAF645B00FBB4B5 /* Frameworks */ = {
			isa = PBXFrameworksBuildPhase;
			buildActionMask = 2147483647;
			files = (
			);
			runOnlyForDeploymentPostprocessing = 0;
		};
		3A59110C1CAF645C00FBB4B5 /* Frameworks */ = {
			isa = PBXFrameworksBuildPhase;
			buildActionMask = 2147483647;
			files = (
			);
			runOnlyForDeploymentPostprocessing = 0;
		};
		3A5911171CAF645C00FBB4B5 /* Frameworks */ = {
			isa = PBXFrameworksBuildPhase;
			buildActionMask = 2147483647;
			files = (
			);
			runOnlyForDeploymentPostprocessing = 0;
		};
/* End PBXFrameworksBuildPhase section */

/* Begin PBXGroup section */
		3A5910F21CAF645B00FBB4B5 = {
			isa = PBXGroup;
			children = (
				3A5910FD1CAF645B00FBB4B5 /* ios-awesome-game */,
				3A5911121CAF645C00FBB4B5 /* ios-awesome-gameTests */,
				3A59111D1CAF645C00FBB4B5 /* ios-awesome-gameUITests */,
				3A5910FC1CAF645B00FBB4B5 /* Products */,
			);
			sourceTree = "<group>";
		};
		3A5910FC1CAF645B00FBB4B5 /* Products */ = {
			isa = PBXGroup;
			children = (
				3A5910FB1CAF645B00FBB4B5 /* ios-awesome-game.app */,
				3A59110F1CAF645C00FBB4B5 /* ios-awesome-gameTests.xctest */,
				3A59111A1CAF645C00FBB4B5 /* ios-awesome-gameUITests.xctest */,
			);
			name = Products;
			sourceTree = "<group>";
		};
		3A5910FD1CAF645B00FBB4B5 /* ios-awesome-game */ = {
			isa = PBXGroup;
			children = (
				3A5910FE1CAF645B00FBB4B5 /* AppDelegate.swift */,
				3A5911001CAF645B00FBB4B5 /* ViewController.swift */,
				3A5911021CAF645B00FBB4B5 /* Main.storyboard */,
				3A5911051CAF645B00FBB4B5 /* Assets.xcassets */,
				3A5911071CAF645B00FBB4B5 /* LaunchScreen.storyboard */,
				3A59110A1CAF645B00FBB4B5 /* Info.plist */,
			);
			path = "ios-awesome-game";
			sourceTree = "<group>";
		};
		3A5911121CAF645C00FBB4B5 /* ios-awesome-gameTests */ = {
			isa = PBXGroup;
			children = (
				3A5911131CAF645C00FBB4B5 /* ios_awesome_gameTests.swift */,
				3A5911151CAF645C00FBB4B5 /* Info.plist */,
			);
			path = "ios-awesome-gameTests";
			sourceTree = "<group>";
		};
		3A59111D1CAF645C00FBB4B5 /* ios-awesome-gameUITests */ = {
			isa = PBXGroup;
			children = (
				3A59111E1CAF645C00FBB4B5 /* ios_awesome_gameUITests.swift */,
				3A5911201CAF645C00FBB4B5 /* Info.plist */,
			);
			path = "ios-awesome-gameUITests";
			sourceTree = "<group>";
		};
/* End PBXGroup section */

/* Begin PBXNativeTarget section */
		3A5910FA1CAF645B00FBB4B5 /* ios-awesome-game */ = {
			isa = PBXNativeTarget;
			buildConfigurationList = 3A5911231CAF645C00FBB4B5 /* Build configuration list for PBXNativeTarget "ios-awesome-game" */;
			buildPhases = (
				3A5910F71CAF645B00FBB4B5 /* Sources */,
				3A5910F81CAF645B00FBB4B5 /* Frameworks */,
				3A5910F91CAF645B00FBB4B5 /* Resources */,
			);
			buildRules = (
			);
			dependencies = (
			);
			name = "ios-awesome-game";
			productName = "ios-awesome-game";
			productReference = 3A5910FB1CAF645B00FBB4B5 /* ios-awesome-game.app */;
			productType = "com.apple.product-type.application";
		};
		3A59110E1CAF645C00FBB4B5 /* ios-awesome-gameTests */ = {
			isa = PBXNativeTarget;
			buildConfigurationList = 3A5911261CAF645C00FBB4B5 /* Build configuration list for PBXNativeTarget "ios-awesome-gameTests" */;
			buildPhases = (
				3A59110B1CAF645C00FBB4B5 /* Sources */,
				3A59110C1CAF645C00FBB4B5 /* Frameworks */,
				3A59110D1CAF645C00FBB4B5 /* Resources */,
			);
			buildRules = (
			);
			dependencies = (
				3A5911111CAF645C00FBB4B5 /* PBXTargetDependency */,
			);
			name = "ios-awesome-gameTests";
			productName = "ios-awesome-gameTests";
			productReference = 3A59110F1CAF645C00FBB4B5 /* ios-awesome-gameTests.xctest */;
			productType = "com.apple.product-type.bundle.unit-test";
		};
		3A5911191CAF645C00FBB4B5 /* ios-awesome-gameUITests */ = {
			isa = PBXNativeTarget;
			buildConfigurationList = 3A5911291CAF645C00FBB4B5 /* Build configuration list for PBXNativeTarget "ios-awesome-gameUITests" */;
			buildPhases = (
				3A5911161CAF645C00FBB4B5 /* Sources */,
				3A5911171CAF645C00FBB4B5 /* Frameworks */,
				3A5911181CAF645C00FBB4B5 /* Resources */,
			);
			buildRules = (
			);
			dependencies = (
				3A59111C1CAF645C00FBB4B5 /* PBXTargetDependency */,
			);
			name = "ios-awesome-gameUITests";
			productName = "ios-awesome-gameUITests";
			productReference = 3A59111A1CAF645C00FBB4B5 /* ios-awesome-gameUITests.xctest */;
			productType = "com.apple.product-type.bundle.ui-testing";
		};
/* End PBXNativeTarget section */

/* Begin PBXProject section */
		3A5910F31CAF645B00FBB4B5 /* Project object */ = {
			isa = PBXProject;
			attributes = {
				LastSwiftUpdateCheck = 0720;
				LastUpgradeCheck = 0720;
				ORGANIZATIONNAME = mobilestudio;
				TargetAttributes = {
					3A5910FA1CAF645B00FBB4B5 = {
						CreatedOnToolsVersion = 7.2.1;
						DevelopmentTeam = E3V7BHN522;
					};
					3A59110E1CAF645C00FBB4B5 = {
						CreatedOnToolsVersion = 7.2.1;
						DevelopmentTeam = E3V7BHN522;
						TestTargetID = 3A5910FA1CAF645B00FBB4B5;
					};
					3A5911191CAF645C00FBB4B5 = {
						CreatedOnToolsVersion = 7.2.1;
						DevelopmentTeam = E3V7BHN522;
						TestTargetID = 3A5910FA1CAF645B00FBB4B5;
					};
				};
			};
			buildConfigurationList = 3A5910F61CAF645B00FBB4B5 /* Build configuration list for PBXProject "ios-awesome-game" */;
			compatibilityVersion = "Xcode 3.2";
			developmentRegion = English;
			hasScannedForEncodings = 0;
			knownRegions = (
				en,
				Base,
			);
			mainGroup = 3A5910F21CAF645B00FBB4B5;
			productRefGroup = 3A5910FC1CAF645B00FBB4B5 /* Products */;
			projectDirPath = "";
			projectRoot = "";
			targets = (
				3A5910FA1CAF645B00FBB4B5 /* ios-awesome-game */,
				3A59110E1CAF645C00FBB4B5 /* ios-awesome-gameTests */,
				3A5911191CAF645C00FBB4B5 /* ios-awesome-gameUITests */,
			);
		};
/* End PBXProject section */

/* Begin PBXResourcesBuildPhase section */
		3A5910F91CAF645B00FBB4B5 /* Resources */ = {
			isa = PBXResourcesBuildPhase;
			buildActionMask = 2147483647;
			files = (
				3A5911091CAF645B00FBB4B5 /* LaunchScreen.storyboard in Resources */,
				3A5911061CAF645B00FBB4B5 /* Assets.xcassets in Resources */,
				3A5911041CAF645B00FBB4B5 /* Main.storyboard in Resources */,
			);
			runOnlyForDeploymentPostprocessing = 0;
		};
		3A59110D1CAF645C00FBB4B5 /* Resources */ = {
			isa = PBXResourcesBuildPhase;
			buildActionMask = 2147483647;
			files = (
			);
			runOnlyForDeploymentPostprocessing = 0;
		};
		3A5911181CAF645C00FBB4B5 /* Resources */ = {
			isa = PBXResourcesBuildPhase;
			buildActionMask = 2147483647;
			files = (
			);
			runOnlyForDeploymentPostprocessing = 0;
		};
/* End PBXResourcesBuildPhase section */

/* Begin PBXSourcesBuildPhase section */
		3A5910F71CAF645B00FBB4B5 /* Sources */ = {
			isa = PBXSourcesBuildPhase;
			buildActionMask = 2147483647;
			files = (
				3A5911011CAF645B00FBB4B5 /* ViewController.swift in Sources */,
				3A5910FF1CAF645B00FBB4B5 /* AppDelegate.swift in Sources */,
			);
			runOnlyForDeploymentPostprocessing = 0;
		};
		3A59110B1CAF645C00FBB4B5 /* Sources */ = {
			isa = PBXSourcesBuildPhase;
			buildActionMask = 2147483647;
			files = (
				3A5911141CAF645C00FBB4B5 /* ios_awesome_gameTests.swift in Sources */,
			);
			runOnlyForDeploymentPostprocessing = 0;
		};
		3A5911161CAF645C00FBB4B5 /* Sources */ = {
			isa = PBXSourcesBuildPhase;
			buildActionMask = 2147483647;
			files = (
				3A59111F1CAF645C00FBB4B5 /* ios_awesome_gameUITests.swift in Sources */,
			);
			runOnlyForDeploymentPostprocessing = 0;
		};
/* End PBXSourcesBuildPhase section */

/* Begin PBXTargetDependency section */
		3A5911111CAF645C00FBB4B5 /* PBXTargetDependency */ = {
			isa = PBXTargetDependency;
			target = 3A5910FA1CAF645B00FBB4B5 /* ios-awesome-game */;
			targetProxy = 3A5911101CAF645C00FBB4B5 /* PBXContainerItemProxy */;
		};
		3A59111C1CAF645C00FBB4B5 /* PBXTargetDependency */ = {
			isa = PBXTargetDependency;
			target = 3A5910FA1CAF645B00FBB4B5 /* ios-awesome-game */;
			targetProxy = 3A59111B1CAF645C00FBB4B5 /* PBXContainerItemProxy */;
		};
/* End PBXTargetDependency section */

/* Begin PBXVariantGroup section */
		3A5911021CAF645B00FBB4B5 /* Main.storyboard */ = {
			isa = PBXVariantGroup;
			children = (
				3A5911031CAF645B00FBB4B5 /* Base */,
			);
			name = Main.storyboard;
			sourceTree = "<group>";
		};
		3A5911071CAF645B00FBB4B5 /* LaunchScreen.storyboard */ = {
			isa = PBXVariantGroup;
			children = (
				3A5911081CAF645B00FBB4B5 /* Base */,
			);
			name = LaunchScreen.storyboard;
			sourceTree = "<group>";
		};
/* End PBXVariantGroup section */

/* Begin XCBuildConfiguration section */
		3A5911211CAF645C00FBB4B5 /* Debug */ = {
			isa = XCBuildConfiguration;
			buildSettings = {
				ALWAYS_SEARCH_USER_PATHS = NO;
				CLANG_CXX_LANGUAGE_STANDARD = "gnu++0x";
				CLANG_CXX_LIBRARY = "libc++";
				CLANG_ENABLE_MODULES = YES;
				CLANG_ENABLE_OBJC_ARC = YES;
				CLANG_WARN_BOOL_CONVERSION = YES;
				CLANG_WARN_CONSTANT_CONVERSION = YES;
				CLANG_WARN_DIRECT_OBJC_ISA_USAGE = YES_ERROR;
				CLANG_WARN_EMPTY_BODY = YES;
				CLANG_WARN_ENUM_CONVERSION = YES;
				CLANG_WARN_INT_CONVERSION = YES;
				CLANG_WARN_OBJC_ROOT_CLASS = YES_ERROR;
				CLANG_WARN_UNREACHABLE_CODE = YES;
				CLANG_WARN__DUPLICATE_METHOD_MATCH = YES;
				"CODE_SIGN_IDENTITY[sdk=iphoneos*]" = "iPhone Developer";
				COPY_PHASE_STRIP = NO;
				DEBUG_INFORMATION_FORMAT = dwarf;
				ENABLE_STRICT_OBJC_MSGSEND = YES;
				ENABLE_TESTABILITY = YES;
				GCC_C_LANGUAGE_STANDARD = gnu99;
				GCC_DYNAMIC_NO_PIC = NO;
				GCC_NO_COMMON_BLOCKS = YES;
				GCC_OPTIMIZATION_LEVEL = 0;
				GCC_PREPROCESSOR_DEFINITIONS = (
					"DEBUG=1",
					"$(inherited)",
				);
				GCC_WARN_64_TO_32_BIT_CONVERSION = YES;
				GCC_WARN_ABOUT_RETURN_TYPE = YES_ERROR;
				GCC_WARN_UNDECLARED_SELECTOR = YES;
				GCC_WARN_UNINITIALIZED_AUTOS = YES_AGGRESSIVE;
				GCC_WARN_UNUSED_FUNCTION = YES;
				GCC_WARN_UNUSED_VARIABLE = YES;
				IPHONEOS_DEPLOYMENT_TARGET = 9.2;
				MTL_ENABLE_DEBUG_INFO = YES;
				ONLY_ACTIVE_ARCH = YES;
				SDKROOT = iphoneos;
				SWIFT_OPTIMIZATION_LEVEL = "-Onone";
			};
			name = Debug;
		};
		3A5911221CAF645C00FBB4B5 /* Release */ = {
			isa = XCBuildConfiguration;
			buildSettings = {
				ALWAYS_SEARCH_USER_PATHS = NO;
				CLANG_CXX_LANGUAGE_STANDARD = "gnu++0x";
				CLANG_CXX_LIBRARY = "libc++";
				CLANG_ENABLE_MODULES = YES;
				CLANG_ENABLE_OBJC_ARC = YES;
				CLANG_WARN_BOOL_CONVERSION = YES;
				CLANG_WARN_CONSTANT_CONVERSION = YES;
				CLANG_WARN_DIRECT_OBJC_ISA_USAGE = YES_ERROR;
				CLANG_WARN_EMPTY_BODY = YES;
				CLANG_WARN_ENUM_CONVERSION = YES;
				CLANG_WARN_INT_CONVERSION = YES;
				CLANG_WARN_OBJC_ROOT_CLASS = YES_ERROR;
				CLANG_WARN_UNREACHABLE_CODE = YES;
				CLANG_WARN__DUPLICATE_METHOD_MATCH = YES;
				"CODE_SIGN_IDENTITY[sdk=iphoneos*]" = "iPhone Developer";
				COPY_PHASE_STRIP = NO;
				DEBUG_INFORMATION_FORMAT = "dwarf-with-dsym";
				ENABLE_NS_ASSERTIONS = NO;
				ENABLE_STRICT_OBJC_MSGSEND = YES;
				GCC_C_LANGUAGE_STANDARD = gnu99;
				GCC_NO_COMMON_BLOCKS = YES;
				GCC_WARN_64_TO_32_BIT_CONVERSION = YES;
				GCC_WARN_ABOUT_RETURN_TYPE = YES_ERROR;
				GCC_WARN_UNDECLARED_SELECTOR = YES;
				GCC_WARN_UNINITIALIZED_AUTOS = YES_AGGRESSIVE;
				GCC_WARN_UNUSED_FUNCTION = YES;
				GCC_WARN_UNUSED_VARIABLE = YES;
				IPHONEOS_DEPLOYMENT_TARGET = 9.2;
				MTL_ENABLE_DEBUG_INFO = NO;
				SDKROOT = iphoneos;
				VALIDATE_PRODUCT = YES;
			};
			name = Release;
		};
		3A5911241CAF645C00FBB4B5 /* Debug */ = {
			isa = XCBuildConfiguration;
			buildSettings = {
				ASSETCATALOG_COMPILER_APPICON_NAME = AppIcon;
				INFOPLIST_FILE = "ios-awesome-game/Info.plist";
				LD_RUNPATH_SEARCH_PATHS = "$(inherited) @executable_path/Frameworks";
				PRODUCT_BUNDLE_IDENTIFIER = "com.mobilestudio.ios-awesome-game";
				PRODUCT_NAME = "$(TARGET_NAME)";
			};
			name = Debug;
		};
		3A5911251CAF645C00FBB4B5 /* Release */ = {
			isa = XCBuildConfiguration;
			buildSettings = {
				ASSETCATALOG_COMPILER_APPICON_NAME = AppIcon;
				INFOPLIST_FILE = "ios-awesome-game/Info.plist";
				LD_RUNPATH_SEARCH_PATHS = "$(inherited) @executable_path/Frameworks";
				PRODUCT_BUNDLE_IDENTIFIER = "com.mobilestudio.ios-awesome-game";
				PRODUCT_NAME = "$(TARGET_NAME)";
			};
			name = Release;
		};
		3A5911271CAF645C00FBB4B5 /* Debug */ = {
			isa = XCBuildConfiguration;
			buildSettings = {
				BUNDLE_LOADER = "$(TEST_HOST)";
				INFOPLIST_FILE = "ios-awesome-gameTests/Info.plist";
				LD_RUNPATH_SEARCH_PATHS = "$(inherited) @executable_path/Frameworks @loader_path/Frameworks";
				PRODUCT_BUNDLE_IDENTIFIER = "com.mobilestudio.ios-awesome-gameTests";
				PRODUCT_NAME = "$(TARGET_NAME)";
				TEST_HOST = "$(BUILT_PRODUCTS_DIR)/ios-awesome-game.app/ios-awesome-game";
			};
			name = Debug;
		};
		3A5911281CAF645C00FBB4B5 /* Release */ = {
			isa = XCBuildConfiguration;
			buildSettings = {
				BUNDLE_LOADER = "$(TEST_HOST)";
				INFOPLIST_FILE = "ios-awesome-gameTests/Info.plist";
				LD_RUNPATH_SEARCH_PATHS = "$(inherited) @executable_path/Frameworks @loader_path/Frameworks";
				PRODUCT_BUNDLE_IDENTIFIER = "com.mobilestudio.ios-awesome-gameTests";
				PRODUCT_NAME = "$(TARGET_NAME)";
				TEST_HOST = "$(BUILT_PRODUCTS_DIR)/ios-awesome-game.app/ios-awesome-game";
			};
			name = Release;
		};
		3A59112A1CAF645C00FBB4B5 /* Debug */ = {
			isa = XCBuildConfiguration;
			buildSettings = {
				INFOPLIST_FILE = "ios-awesome-gameUITests/Info.plist";
				LD_RUNPATH_SEARCH_PATHS = "$(inherited) @executable_path/Frameworks @loader_path/Frameworks";
				PRODUCT_BUNDLE_IDENTIFIER = "com.mobilestudio.ios-awesome-gameUITests";
				PRODUCT_NAME = "$(TARGET_NAME)";
				TEST_TARGET_NAME = "ios-awesome-game";
				USES_XCTRUNNER = YES;
			};
			name = Debug;
		};
		3A59112B1CAF645C00FBB4B5 /* Release */ = {
			isa = XCBuildConfiguration;
			buildSettings = {
				INFOPLIST_FILE = "ios-awesome-gameUITests/Info.plist";
				LD_RUNPATH_SEARCH_PATHS = "$(inherited) @executable_path/Frameworks @loader_path/Frameworks";
				PRODUCT_BUNDLE_IDENTIFIER = "com.mobilestudio.ios-awesome-gameUITests";
				PRODUCT_NAME = "$(TARGET_NAME)";
				TEST_TARGET_NAME = "ios-awesome-game";
				USES_XCTRUNNER = YES;
			};
			name = Release;
		};
/* End XCBuildConfiguration section */

/* Begin XCConfigurationList section */
		3A5910F61CAF645B00FBB4B5 /* Build configuration list for PBXProject "ios-awesome-game" */ = {
			isa = XCConfigurationList;
			buildConfigurations = (
				3A5911211CAF645C00FBB4B5 /* Debug */,
				3A5911221CAF645C00FBB4B5 /* Release */,
			);
			defaultConfigurationIsVisible = 0;
			defaultConfigurationName = Release;
		};
		3A5911231CAF645C00FBB4B5 /* Build configuration list for PBXNativeTarget "ios-awesome-game" */ = {
			isa = XCConfigurationList;
			buildConfigurations = (
				3A5911241CAF645C00FBB4B5 /* Debug */,
				3A5911251CAF645C00FBB4B5 /* Release */,
			);
			defaultConfigurationIsVisible = 0;
		};
		3A5911261CAF645C00FBB4B5 /* Build configuration list for PBXNativeTarget "ios-awesome-gameTests" */ = {
			isa = XCConfigurationList;
			buildConfigurations = (
				3A5911271CAF645C00FBB4B5 /* Debug */,
				3A5911281CAF645C00FBB4B5 /* Release */,
			);
			defaultConfigurationIsVisible = 0;
		};
		3A5911291CAF645C00FBB4B5 /* Build configuration list for PBXNativeTarget "ios-awesome-gameUITests" */ = {
			isa = XCConfigurationList;
			buildConfigurations = (
				3A59112A1CAF645C00FBB4B5 /* Debug */,
				3A59112B1CAF645C00FBB4B5 /* Release */,
			);
			defaultConfigurationIsVisible = 0;
		};
/* End XCConfigurationList section */
	};
	rootObject = 3A5910F31CAF645B00FBB4B5 /* Project object */;
}
